// !$*UTF8*$!
{
	archiveVersion = 1;
	classes = {
	};
	objectVersion = 55;
	objects = {

/* Begin PBXBuildFile section */
		B4071B2E2853446900F6152C /* AppDelegate.swift in Sources */ = {isa = PBXBuildFile; fileRef = B4071B2D2853446900F6152C /* AppDelegate.swift */; };
		B4071B302853446900F6152C /* SceneDelegate.swift in Sources */ = {isa = PBXBuildFile; fileRef = B4071B2F2853446900F6152C /* SceneDelegate.swift */; };
		B4071B322853446900F6152C /* ProductsListVC.swift in Sources */ = {isa = PBXBuildFile; fileRef = B4071B312853446900F6152C /* ProductsListVC.swift */; };
		B4071B372853446A00F6152C /* Assets.xcassets in Resources */ = {isa = PBXBuildFile; fileRef = B4071B362853446A00F6152C /* Assets.xcassets */; };
		B4071B3A2853446A00F6152C /* LaunchScreen.storyboard in Resources */ = {isa = PBXBuildFile; fileRef = B4071B382853446A00F6152C /* LaunchScreen.storyboard */; };
		B4071B4928534D4900F6152C /* RouterProtocol.swift in Sources */ = {isa = PBXBuildFile; fileRef = B4071B4828534D4900F6152C /* RouterProtocol.swift */; };
		B4071B4B28534ECD00F6152C /* Router.swift in Sources */ = {isa = PBXBuildFile; fileRef = B4071B4A28534ECD00F6152C /* Router.swift */; };
		B4071B4D28534F0800F6152C /* Router+RouterProtocol.swift in Sources */ = {isa = PBXBuildFile; fileRef = B4071B4C28534F0800F6152C /* Router+RouterProtocol.swift */; };
		B4071B512853504100F6152C /* CoordinatorProtocol.swift in Sources */ = {isa = PBXBuildFile; fileRef = B4071B502853504100F6152C /* CoordinatorProtocol.swift */; };
		B4071B532853505700F6152C /* AppCoordinator.swift in Sources */ = {isa = PBXBuildFile; fileRef = B4071B522853505700F6152C /* AppCoordinator.swift */; };
		B4071B552853508600F6152C /* AppCoordinator+CoordinatorProtocol.swift in Sources */ = {isa = PBXBuildFile; fileRef = B4071B542853508600F6152C /* AppCoordinator+CoordinatorProtocol.swift */; };
		B4071B58285351A300F6152C /* SceneDelegate+Extension.swift in Sources */ = {isa = PBXBuildFile; fileRef = B4071B57285351A300F6152C /* SceneDelegate+Extension.swift */; };
		B4071B5E2853A2F700F6152C /* Constants.swift in Sources */ = {isa = PBXBuildFile; fileRef = B4071B5D2853A2F700F6152C /* Constants.swift */; };
		B4071B612853AA3B00F6152C /* Product.swift in Sources */ = {isa = PBXBuildFile; fileRef = B4071B602853AA3B00F6152C /* Product.swift */; };
		B42D8DDF28589E3500163509 /* CoreDataManager.swift in Sources */ = {isa = PBXBuildFile; fileRef = B42D8DDE28589E3500163509 /* CoreDataManager.swift */; };
		B42D8DE52858A7D500163509 /* AppDelegate + Extension.swift in Sources */ = {isa = PBXBuildFile; fileRef = B42D8DE42858A7D500163509 /* AppDelegate + Extension.swift */; };
		B42D8DE82858A84B00163509 /* ModelNames.swift in Sources */ = {isa = PBXBuildFile; fileRef = B42D8DE72858A84B00163509 /* ModelNames.swift */; };
		B43C26A0286E2DE1008F7C0C /* NetworkManagerTest.swift in Sources */ = {isa = PBXBuildFile; fileRef = B43C269F286E2DE1008F7C0C /* NetworkManagerTest.swift */; };
		B43F986D285739CD00BF1E50 /* AdaptiveUICollectionViewLayout.swift in Sources */ = {isa = PBXBuildFile; fileRef = B43F986C285739CD00BF1E50 /* AdaptiveUICollectionViewLayout.swift */; };
		B43F986F28573B0200BF1E50 /* AdaptiveUICollectionViewLayoutProtocol.swift in Sources */ = {isa = PBXBuildFile; fileRef = B43F986E28573B0200BF1E50 /* AdaptiveUICollectionViewLayoutProtocol.swift */; };
		B43F98712857410B00BF1E50 /* ProductListVC+ProductsListCV.swift in Sources */ = {isa = PBXBuildFile; fileRef = B43F98702857410B00BF1E50 /* ProductListVC+ProductsListCV.swift */; };
		B43F987628578B4700BF1E50 /* ProductImageService.swift in Sources */ = {isa = PBXBuildFile; fileRef = B43F987528578B4700BF1E50 /* ProductImageService.swift */; };
		B43F987F2857C5B100BF1E50 /* ProductDetailsVC.swift in Sources */ = {isa = PBXBuildFile; fileRef = B43F987D2857C5B100BF1E50 /* ProductDetailsVC.swift */; };
		B43F98802857C5B100BF1E50 /* ProductDetailsVC.xib in Resources */ = {isa = PBXBuildFile; fileRef = B43F987E2857C5B100BF1E50 /* ProductDetailsVC.xib */; };
		B43F98822857C7D700BF1E50 /* ProductDetailsPresenter.swift in Sources */ = {isa = PBXBuildFile; fileRef = B43F98812857C7D700BF1E50 /* ProductDetailsPresenter.swift */; };
		B43F98842857C7ED00BF1E50 /* ProductDetailsPresenterProtocol.swift in Sources */ = {isa = PBXBuildFile; fileRef = B43F98832857C7ED00BF1E50 /* ProductDetailsPresenterProtocol.swift */; };
		B43F98862857C87200BF1E50 /* ProductDetailsViewProtocol.swift in Sources */ = {isa = PBXBuildFile; fileRef = B43F98852857C87200BF1E50 /* ProductDetailsViewProtocol.swift */; };
		B43F98892857D0B800BF1E50 /* ProductDetailsCoordinator.swift in Sources */ = {isa = PBXBuildFile; fileRef = B43F98882857D0B800BF1E50 /* ProductDetailsCoordinator.swift */; };
		B43F988C2857D84C00BF1E50 /* Assets.swift in Sources */ = {isa = PBXBuildFile; fileRef = B43F988B2857D84C00BF1E50 /* Assets.swift */; };
		B43F98972857E40500BF1E50 /* TransitionController.swift in Sources */ = {isa = PBXBuildFile; fileRef = B43F98962857E40500BF1E50 /* TransitionController.swift */; };
		B43F98992857EAB200BF1E50 /* ProductDetailsVC+TransitioningDelegate.swift in Sources */ = {isa = PBXBuildFile; fileRef = B43F98982857EAB200BF1E50 /* ProductDetailsVC+TransitioningDelegate.swift */; };
		B43F989B2857F27C00BF1E50 /* TransitionDelegate.swift in Sources */ = {isa = PBXBuildFile; fileRef = B43F989A2857F27C00BF1E50 /* TransitionDelegate.swift */; };
		B441D1352854B55A0042181C /* ProductGateway.swift in Sources */ = {isa = PBXBuildFile; fileRef = B441D1342854B55A0042181C /* ProductGateway.swift */; };
		B441D13C2854BDAD0042181C /* NetworkTargetProtocol.swift in Sources */ = {isa = PBXBuildFile; fileRef = B441D13B2854BDAD0042181C /* NetworkTargetProtocol.swift */; };
		B441D1442854C0CC0042181C /* NetworkManger.swift in Sources */ = {isa = PBXBuildFile; fileRef = B441D1432854C0CC0042181C /* NetworkManger.swift */; };
		B441D1462854C6E40042181C /* NetworkError.swift in Sources */ = {isa = PBXBuildFile; fileRef = B441D1452854C6E40042181C /* NetworkError.swift */; };
		B441D14D2855C9950042181C /* RemoteProductService.swift in Sources */ = {isa = PBXBuildFile; fileRef = B441D14A2855C9950042181C /* RemoteProductService.swift */; };
		B441D14E2855C9950042181C /* ProductTarget.swift in Sources */ = {isa = PBXBuildFile; fileRef = B441D14B2855C9950042181C /* ProductTarget.swift */; };
		B441D14F2855C9950042181C /* ProductService.swift in Sources */ = {isa = PBXBuildFile; fileRef = B441D14C2855C9950042181C /* ProductService.swift */; };
		B441D1512855FB890042181C /* ProductServiceError.swift in Sources */ = {isa = PBXBuildFile; fileRef = B441D1502855FB890042181C /* ProductServiceError.swift */; };
		B441D153285609DE0042181C /* ProductsListVC.xib in Resources */ = {isa = PBXBuildFile; fileRef = B441D152285609DE0042181C /* ProductsListVC.xib */; };
		B441D15828560CA60042181C /* ProductCVCell.swift in Sources */ = {isa = PBXBuildFile; fileRef = B441D15628560CA60042181C /* ProductCVCell.swift */; };
		B441D15928560CA60042181C /* ProductCVCell.xib in Resources */ = {isa = PBXBuildFile; fileRef = B441D15728560CA60042181C /* ProductCVCell.xib */; };
		B441D15C28560D140042181C /* ReuseID.swift in Sources */ = {isa = PBXBuildFile; fileRef = B441D15B28560D140042181C /* ReuseID.swift */; };
		B441D16128561BA60042181C /* ScreenTitles.swift in Sources */ = {isa = PBXBuildFile; fileRef = B441D16028561BA60042181C /* ScreenTitles.swift */; };
		B441D16628561C8E0042181C /* ProductsListCoordinator.swift in Sources */ = {isa = PBXBuildFile; fileRef = B441D16528561C8E0042181C /* ProductsListCoordinator.swift */; };
		B441D168285625C80042181C /* ProductsListPresenter.swift in Sources */ = {isa = PBXBuildFile; fileRef = B441D167285625C80042181C /* ProductsListPresenter.swift */; };
		B441D16A285625E60042181C /* ProductsListPresenterProtocol.swift in Sources */ = {isa = PBXBuildFile; fileRef = B441D169285625E60042181C /* ProductsListPresenterProtocol.swift */; };
		B441D16C285626390042181C /* ProductsListViewProtocol.swift in Sources */ = {isa = PBXBuildFile; fileRef = B441D16B285626390042181C /* ProductsListViewProtocol.swift */; };
		B441D16E28562FD10042181C /* ProductsListCoordinatorProtocol.swift in Sources */ = {isa = PBXBuildFile; fileRef = B441D16D28562FD10042181C /* ProductsListCoordinatorProtocol.swift */; };
		B441D171285677720042181C /* ProductListCVDelegate.swift in Sources */ = {isa = PBXBuildFile; fileRef = B441D170285677720042181C /* ProductListCVDelegate.swift */; };
		B441D1732856778B0042181C /* ProductListCVDataSource.swift in Sources */ = {isa = PBXBuildFile; fileRef = B441D1722856778B0042181C /* ProductListCVDataSource.swift */; };
		B441D177285690AF0042181C /* UIViewExtension+Design.swift in Sources */ = {isa = PBXBuildFile; fileRef = B441D176285690AF0042181C /* UIViewExtension+Design.swift */; };
		B441D17C2856985B0042181C /* ImageCacheManager.swift in Sources */ = {isa = PBXBuildFile; fileRef = B441D17B2856985B0042181C /* ImageCacheManager.swift */; };
		B441D17E2856A72E0042181C /* UIView+ActivityIndicator.swift in Sources */ = {isa = PBXBuildFile; fileRef = B441D17D2856A72E0042181C /* UIView+ActivityIndicator.swift */; };
		B45F0FE32858E86E00BD4910 /* LocalProductService.swift in Sources */ = {isa = PBXBuildFile; fileRef = B45F0FE22858E86E00BD4910 /* LocalProductService.swift */; };
		B4921F34286B0B8400FAAE6E /* ProductsListVCTest.swift in Sources */ = {isa = PBXBuildFile; fileRef = B4921F33286B0B8400FAAE6E /* ProductsListVCTest.swift */; };
		B4921F36286B196900FAAE6E /* ProductDetailsVCTest.swift in Sources */ = {isa = PBXBuildFile; fileRef = B4921F35286B196900FAAE6E /* ProductDetailsVCTest.swift */; };
		B496DEA328591452001573E2 /* NetworkMonitor.swift in Sources */ = {isa = PBXBuildFile; fileRef = B496DEA228591452001573E2 /* NetworkMonitor.swift */; };
		B496DEAD285924C0001573E2 /* Reachability.swift in Sources */ = {isa = PBXBuildFile; fileRef = B496DEAC285924BF001573E2 /* Reachability.swift */; };
		B496DEB02859297E001573E2 /* CachedProduct+CoreDataClass.swift in Sources */ = {isa = PBXBuildFile; fileRef = B496DEAE2859297E001573E2 /* CachedProduct+CoreDataClass.swift */; };
		B496DEB12859297E001573E2 /* CachedProduct+CoreDataProperties.swift in Sources */ = {isa = PBXBuildFile; fileRef = B496DEAF2859297E001573E2 /* CachedProduct+CoreDataProperties.swift */; };
		B4AD11DC2858F9A1004F64F6 /* CachedProduct.xcdatamodeld in Sources */ = {isa = PBXBuildFile; fileRef = B4AD11DA2858F9A1004F64F6 /* CachedProduct.xcdatamodeld */; };
/* End PBXBuildFile section */

/* Begin PBXContainerItemProxy section */
		B4D503F228620B9F00743897 /* PBXContainerItemProxy */ = {
			isa = PBXContainerItemProxy;
			containerPortal = B4071B222853446900F6152C /* Project object */;
			proxyType = 1;
			remoteGlobalIDString = B4071B292853446900F6152C;
			remoteInfo = iOS_ProductTask;
		};
/* End PBXContainerItemProxy section */

/* Begin PBXFileReference section */
		B4071B2A2853446900F6152C /* iOS_ProductTask.app */ = {isa = PBXFileReference; explicitFileType = wrapper.application; includeInIndex = 0; path = iOS_ProductTask.app; sourceTree = BUILT_PRODUCTS_DIR; };
		B4071B2D2853446900F6152C /* AppDelegate.swift */ = {isa = PBXFileReference; lastKnownFileType = sourcecode.swift; path = AppDelegate.swift; sourceTree = "<group>"; };
		B4071B2F2853446900F6152C /* SceneDelegate.swift */ = {isa = PBXFileReference; lastKnownFileType = sourcecode.swift; path = SceneDelegate.swift; sourceTree = "<group>"; };
		B4071B312853446900F6152C /* ProductsListVC.swift */ = {isa = PBXFileReference; lastKnownFileType = sourcecode.swift; path = ProductsListVC.swift; sourceTree = "<group>"; };
		B4071B362853446A00F6152C /* Assets.xcassets */ = {isa = PBXFileReference; lastKnownFileType = folder.assetcatalog; path = Assets.xcassets; sourceTree = "<group>"; };
		B4071B392853446A00F6152C /* Base */ = {isa = PBXFileReference; lastKnownFileType = file.storyboard; name = Base; path = Base.lproj/LaunchScreen.storyboard; sourceTree = "<group>"; };
		B4071B3B2853446A00F6152C /* Info.plist */ = {isa = PBXFileReference; lastKnownFileType = text.plist.xml; path = Info.plist; sourceTree = "<group>"; };
		B4071B4828534D4900F6152C /* RouterProtocol.swift */ = {isa = PBXFileReference; lastKnownFileType = sourcecode.swift; path = RouterProtocol.swift; sourceTree = "<group>"; };
		B4071B4A28534ECD00F6152C /* Router.swift */ = {isa = PBXFileReference; lastKnownFileType = sourcecode.swift; path = Router.swift; sourceTree = "<group>"; };
		B4071B4C28534F0800F6152C /* Router+RouterProtocol.swift */ = {isa = PBXFileReference; lastKnownFileType = sourcecode.swift; path = "Router+RouterProtocol.swift"; sourceTree = "<group>"; };
		B4071B502853504100F6152C /* CoordinatorProtocol.swift */ = {isa = PBXFileReference; lastKnownFileType = sourcecode.swift; path = CoordinatorProtocol.swift; sourceTree = "<group>"; };
		B4071B522853505700F6152C /* AppCoordinator.swift */ = {isa = PBXFileReference; lastKnownFileType = sourcecode.swift; path = AppCoordinator.swift; sourceTree = "<group>"; };
		B4071B542853508600F6152C /* AppCoordinator+CoordinatorProtocol.swift */ = {isa = PBXFileReference; lastKnownFileType = sourcecode.swift; path = "AppCoordinator+CoordinatorProtocol.swift"; sourceTree = "<group>"; };
		B4071B57285351A300F6152C /* SceneDelegate+Extension.swift */ = {isa = PBXFileReference; lastKnownFileType = sourcecode.swift; path = "SceneDelegate+Extension.swift"; sourceTree = "<group>"; };
		B4071B5D2853A2F700F6152C /* Constants.swift */ = {isa = PBXFileReference; lastKnownFileType = sourcecode.swift; path = Constants.swift; sourceTree = "<group>"; };
		B4071B602853AA3B00F6152C /* Product.swift */ = {isa = PBXFileReference; lastKnownFileType = sourcecode.swift; path = Product.swift; sourceTree = "<group>"; };
		B42D8DDE28589E3500163509 /* CoreDataManager.swift */ = {isa = PBXFileReference; lastKnownFileType = sourcecode.swift; path = CoreDataManager.swift; sourceTree = "<group>"; };
		B42D8DE42858A7D500163509 /* AppDelegate + Extension.swift */ = {isa = PBXFileReference; lastKnownFileType = sourcecode.swift; path = "AppDelegate + Extension.swift"; sourceTree = "<group>"; };
		B42D8DE72858A84B00163509 /* ModelNames.swift */ = {isa = PBXFileReference; lastKnownFileType = sourcecode.swift; path = ModelNames.swift; sourceTree = "<group>"; };
		B43C269F286E2DE1008F7C0C /* NetworkManagerTest.swift */ = {isa = PBXFileReference; lastKnownFileType = sourcecode.swift; path = NetworkManagerTest.swift; sourceTree = "<group>"; };
		B43F986C285739CD00BF1E50 /* AdaptiveUICollectionViewLayout.swift */ = {isa = PBXFileReference; lastKnownFileType = sourcecode.swift; path = AdaptiveUICollectionViewLayout.swift; sourceTree = "<group>"; };
		B43F986E28573B0200BF1E50 /* AdaptiveUICollectionViewLayoutProtocol.swift */ = {isa = PBXFileReference; lastKnownFileType = sourcecode.swift; path = AdaptiveUICollectionViewLayoutProtocol.swift; sourceTree = "<group>"; };
		B43F98702857410B00BF1E50 /* ProductListVC+ProductsListCV.swift */ = {isa = PBXFileReference; lastKnownFileType = sourcecode.swift; path = "ProductListVC+ProductsListCV.swift"; sourceTree = "<group>"; };
		B43F987528578B4700BF1E50 /* ProductImageService.swift */ = {isa = PBXFileReference; lastKnownFileType = sourcecode.swift; path = ProductImageService.swift; sourceTree = "<group>"; };
		B43F987D2857C5B100BF1E50 /* ProductDetailsVC.swift */ = {isa = PBXFileReference; lastKnownFileType = sourcecode.swift; path = ProductDetailsVC.swift; sourceTree = "<group>"; };
		B43F987E2857C5B100BF1E50 /* ProductDetailsVC.xib */ = {isa = PBXFileReference; lastKnownFileType = file.xib; path = ProductDetailsVC.xib; sourceTree = "<group>"; };
		B43F98812857C7D700BF1E50 /* ProductDetailsPresenter.swift */ = {isa = PBXFileReference; lastKnownFileType = sourcecode.swift; path = ProductDetailsPresenter.swift; sourceTree = "<group>"; };
		B43F98832857C7ED00BF1E50 /* ProductDetailsPresenterProtocol.swift */ = {isa = PBXFileReference; lastKnownFileType = sourcecode.swift; path = ProductDetailsPresenterProtocol.swift; sourceTree = "<group>"; };
		B43F98852857C87200BF1E50 /* ProductDetailsViewProtocol.swift */ = {isa = PBXFileReference; lastKnownFileType = sourcecode.swift; path = ProductDetailsViewProtocol.swift; sourceTree = "<group>"; };
		B43F98882857D0B800BF1E50 /* ProductDetailsCoordinator.swift */ = {isa = PBXFileReference; lastKnownFileType = sourcecode.swift; path = ProductDetailsCoordinator.swift; sourceTree = "<group>"; };
		B43F988B2857D84C00BF1E50 /* Assets.swift */ = {isa = PBXFileReference; lastKnownFileType = sourcecode.swift; path = Assets.swift; sourceTree = "<group>"; };
		B43F98962857E40500BF1E50 /* TransitionController.swift */ = {isa = PBXFileReference; lastKnownFileType = sourcecode.swift; path = TransitionController.swift; sourceTree = "<group>"; };
		B43F98982857EAB200BF1E50 /* ProductDetailsVC+TransitioningDelegate.swift */ = {isa = PBXFileReference; lastKnownFileType = sourcecode.swift; path = "ProductDetailsVC+TransitioningDelegate.swift"; sourceTree = "<group>"; };
		B43F989A2857F27C00BF1E50 /* TransitionDelegate.swift */ = {isa = PBXFileReference; fileEncoding = 4; lastKnownFileType = sourcecode.swift; path = TransitionDelegate.swift; sourceTree = "<group>"; };
		B441D1342854B55A0042181C /* ProductGateway.swift */ = {isa = PBXFileReference; lastKnownFileType = sourcecode.swift; path = ProductGateway.swift; sourceTree = "<group>"; };
		B441D13B2854BDAD0042181C /* NetworkTargetProtocol.swift */ = {isa = PBXFileReference; lastKnownFileType = sourcecode.swift; path = NetworkTargetProtocol.swift; sourceTree = "<group>"; };
		B441D1432854C0CC0042181C /* NetworkManger.swift */ = {isa = PBXFileReference; lastKnownFileType = sourcecode.swift; path = NetworkManger.swift; sourceTree = "<group>"; };
		B441D1452854C6E40042181C /* NetworkError.swift */ = {isa = PBXFileReference; lastKnownFileType = sourcecode.swift; path = NetworkError.swift; sourceTree = "<group>"; };
		B441D14A2855C9950042181C /* RemoteProductService.swift */ = {isa = PBXFileReference; fileEncoding = 4; lastKnownFileType = sourcecode.swift; path = RemoteProductService.swift; sourceTree = "<group>"; };
		B441D14B2855C9950042181C /* ProductTarget.swift */ = {isa = PBXFileReference; fileEncoding = 4; lastKnownFileType = sourcecode.swift; path = ProductTarget.swift; sourceTree = "<group>"; };
		B441D14C2855C9950042181C /* ProductService.swift */ = {isa = PBXFileReference; fileEncoding = 4; lastKnownFileType = sourcecode.swift; path = ProductService.swift; sourceTree = "<group>"; };
		B441D1502855FB890042181C /* ProductServiceError.swift */ = {isa = PBXFileReference; lastKnownFileType = sourcecode.swift; path = ProductServiceError.swift; sourceTree = "<group>"; };
		B441D152285609DE0042181C /* ProductsListVC.xib */ = {isa = PBXFileReference; lastKnownFileType = file.xib; path = ProductsListVC.xib; sourceTree = "<group>"; };
		B441D15628560CA60042181C /* ProductCVCell.swift */ = {isa = PBXFileReference; lastKnownFileType = sourcecode.swift; path = ProductCVCell.swift; sourceTree = "<group>"; };
		B441D15728560CA60042181C /* ProductCVCell.xib */ = {isa = PBXFileReference; lastKnownFileType = file.xib; path = ProductCVCell.xib; sourceTree = "<group>"; };
		B441D15B28560D140042181C /* ReuseID.swift */ = {isa = PBXFileReference; lastKnownFileType = sourcecode.swift; path = ReuseID.swift; sourceTree = "<group>"; };
		B441D16028561BA60042181C /* ScreenTitles.swift */ = {isa = PBXFileReference; lastKnownFileType = sourcecode.swift; path = ScreenTitles.swift; sourceTree = "<group>"; };
		B441D16528561C8E0042181C /* ProductsListCoordinator.swift */ = {isa = PBXFileReference; lastKnownFileType = sourcecode.swift; path = ProductsListCoordinator.swift; sourceTree = "<group>"; };
		B441D167285625C80042181C /* ProductsListPresenter.swift */ = {isa = PBXFileReference; lastKnownFileType = sourcecode.swift; path = ProductsListPresenter.swift; sourceTree = "<group>"; };
		B441D169285625E60042181C /* ProductsListPresenterProtocol.swift */ = {isa = PBXFileReference; lastKnownFileType = sourcecode.swift; path = ProductsListPresenterProtocol.swift; sourceTree = "<group>"; };
		B441D16B285626390042181C /* ProductsListViewProtocol.swift */ = {isa = PBXFileReference; lastKnownFileType = sourcecode.swift; path = ProductsListViewProtocol.swift; sourceTree = "<group>"; };
		B441D16D28562FD10042181C /* ProductsListCoordinatorProtocol.swift */ = {isa = PBXFileReference; lastKnownFileType = sourcecode.swift; path = ProductsListCoordinatorProtocol.swift; sourceTree = "<group>"; };
		B441D170285677720042181C /* ProductListCVDelegate.swift */ = {isa = PBXFileReference; lastKnownFileType = sourcecode.swift; path = ProductListCVDelegate.swift; sourceTree = "<group>"; };
		B441D1722856778B0042181C /* ProductListCVDataSource.swift */ = {isa = PBXFileReference; lastKnownFileType = sourcecode.swift; path = ProductListCVDataSource.swift; sourceTree = "<group>"; };
		B441D176285690AF0042181C /* UIViewExtension+Design.swift */ = {isa = PBXFileReference; lastKnownFileType = sourcecode.swift; path = "UIViewExtension+Design.swift"; sourceTree = "<group>"; };
		B441D17B2856985B0042181C /* ImageCacheManager.swift */ = {isa = PBXFileReference; lastKnownFileType = sourcecode.swift; path = ImageCacheManager.swift; sourceTree = "<group>"; };
		B441D17D2856A72E0042181C /* UIView+ActivityIndicator.swift */ = {isa = PBXFileReference; lastKnownFileType = sourcecode.swift; path = "UIView+ActivityIndicator.swift"; sourceTree = "<group>"; };
		B45F0FE22858E86E00BD4910 /* LocalProductService.swift */ = {isa = PBXFileReference; lastKnownFileType = sourcecode.swift; path = LocalProductService.swift; sourceTree = "<group>"; };
		B4921F33286B0B8400FAAE6E /* ProductsListVCTest.swift */ = {isa = PBXFileReference; lastKnownFileType = sourcecode.swift; path = ProductsListVCTest.swift; sourceTree = "<group>"; };
		B4921F35286B196900FAAE6E /* ProductDetailsVCTest.swift */ = {isa = PBXFileReference; lastKnownFileType = sourcecode.swift; path = ProductDetailsVCTest.swift; sourceTree = "<group>"; };
		B496DEA228591452001573E2 /* NetworkMonitor.swift */ = {isa = PBXFileReference; lastKnownFileType = sourcecode.swift; path = NetworkMonitor.swift; sourceTree = "<group>"; };
		B496DEAC285924BF001573E2 /* Reachability.swift */ = {isa = PBXFileReference; fileEncoding = 4; lastKnownFileType = sourcecode.swift; path = Reachability.swift; sourceTree = "<group>"; };
		B496DEAE2859297E001573E2 /* CachedProduct+CoreDataClass.swift */ = {isa = PBXFileReference; lastKnownFileType = sourcecode.swift; path = "CachedProduct+CoreDataClass.swift"; sourceTree = "<group>"; };
		B496DEAF2859297E001573E2 /* CachedProduct+CoreDataProperties.swift */ = {isa = PBXFileReference; lastKnownFileType = sourcecode.swift; path = "CachedProduct+CoreDataProperties.swift"; sourceTree = "<group>"; };
		B4AD11DB2858F9A1004F64F6 /* CachedProduct.xcdatamodel */ = {isa = PBXFileReference; lastKnownFileType = wrapper.xcdatamodel; path = CachedProduct.xcdatamodel; sourceTree = "<group>"; };
		B4D503EE28620B9F00743897 /* iOS_ProductTaskTests.xctest */ = {isa = PBXFileReference; explicitFileType = wrapper.cfbundle; includeInIndex = 0; path = iOS_ProductTaskTests.xctest; sourceTree = BUILT_PRODUCTS_DIR; };
/* End PBXFileReference section */

/* Begin PBXFrameworksBuildPhase section */
		B4071B272853446900F6152C /* Frameworks */ = {
			isa = PBXFrameworksBuildPhase;
			buildActionMask = 2147483647;
			files = (
			);
			runOnlyForDeploymentPostprocessing = 0;
		};
		B4D503EB28620B9F00743897 /* Frameworks */ = {
			isa = PBXFrameworksBuildPhase;
			buildActionMask = 2147483647;
			files = (
			);
			runOnlyForDeploymentPostprocessing = 0;
		};
/* End PBXFrameworksBuildPhase section */

/* Begin PBXGroup section */
		B4071B212853446900F6152C = {
			isa = PBXGroup;
			children = (
				B4071B2C2853446900F6152C /* iOS_ProductTask */,
				B4D503EF28620B9F00743897 /* iOS_ProductTaskTests */,
				B4071B2B2853446900F6152C /* Products */,
			);
			sourceTree = "<group>";
		};
		B4071B2B2853446900F6152C /* Products */ = {
			isa = PBXGroup;
			children = (
				B4071B2A2853446900F6152C /* iOS_ProductTask.app */,
				B4D503EE28620B9F00743897 /* iOS_ProductTaskTests.xctest */,
			);
			name = Products;
			sourceTree = "<group>";
		};
		B4071B2C2853446900F6152C /* iOS_ProductTask */ = {
			isa = PBXGroup;
			children = (
				B4071B41285346DC00F6152C /* App Delegate + Scene Delegate */,
				B4071B422853470B00F6152C /* StoryBoard */,
				B4071B432853471700F6152C /* Resources */,
				B441D1752856907E0042181C /* Extension */,
				B4071B4F28534FF200F6152C /* Protocols */,
				B4071B4E28534F8D00F6152C /* AppCoordinator */,
				B4071B4728534D3800F6152C /* Router */,
				B4071B462853478E00F6152C /* Custom */,
				B441D1362854B6910042181C /* Manager */,
				B441D1472855C9950042181C /* Service */,
				B4071B5F2853AA2300F6152C /* Model */,
				B4071B452853473700F6152C /* Scenes */,
			);
			path = iOS_ProductTask;
			sourceTree = "<group>";
		};
		B4071B41285346DC00F6152C /* App Delegate + Scene Delegate */ = {
			isa = PBXGroup;
			children = (
				B4071B2D2853446900F6152C /* AppDelegate.swift */,
				B4071B2F2853446900F6152C /* SceneDelegate.swift */,
				B4071B57285351A300F6152C /* SceneDelegate+Extension.swift */,
				B42D8DE42858A7D500163509 /* AppDelegate + Extension.swift */,
			);
			path = "App Delegate + Scene Delegate";
			sourceTree = "<group>";
		};
		B4071B422853470B00F6152C /* StoryBoard */ = {
			isa = PBXGroup;
			children = (
				B4071B382853446A00F6152C /* LaunchScreen.storyboard */,
			);
			path = StoryBoard;
			sourceTree = "<group>";
		};
		B4071B432853471700F6152C /* Resources */ = {
			isa = PBXGroup;
			children = (
				B4071B5B2853A2CB00F6152C /* Constants */,
				B4071B442853472600F6152C /* Assets */,
				B4071B3B2853446A00F6152C /* Info.plist */,
			);
			path = Resources;
			sourceTree = "<group>";
		};
		B4071B442853472600F6152C /* Assets */ = {
			isa = PBXGroup;
			children = (
				B4071B362853446A00F6152C /* Assets.xcassets */,
			);
			path = Assets;
			sourceTree = "<group>";
		};
		B4071B452853473700F6152C /* Scenes */ = {
			isa = PBXGroup;
			children = (
				B43F98782857C52300BF1E50 /* ProductDetails */,
				B441D15428560A440042181C /* ProductsList */,
			);
			path = Scenes;
			sourceTree = "<group>";
		};
		B4071B462853478E00F6152C /* Custom */ = {
			isa = PBXGroup;
			children = (
				B43F988D2857E22E00BF1E50 /* Transitions */,
				B43F986B2857397700BF1E50 /* CustomUICollectionViewLayout */,
				B441D15528560C660042181C /* ProductCell */,
			);
			path = Custom;
			sourceTree = "<group>";
		};
		B4071B4728534D3800F6152C /* Router */ = {
			isa = PBXGroup;
			children = (
				B4071B4828534D4900F6152C /* RouterProtocol.swift */,
				B4071B4A28534ECD00F6152C /* Router.swift */,
				B4071B4C28534F0800F6152C /* Router+RouterProtocol.swift */,
			);
			path = Router;
			sourceTree = "<group>";
		};
		B4071B4E28534F8D00F6152C /* AppCoordinator */ = {
			isa = PBXGroup;
			children = (
				B4071B522853505700F6152C /* AppCoordinator.swift */,
				B4071B542853508600F6152C /* AppCoordinator+CoordinatorProtocol.swift */,
			);
			path = AppCoordinator;
			sourceTree = "<group>";
		};
		B4071B4F28534FF200F6152C /* Protocols */ = {
			isa = PBXGroup;
			children = (
				B4071B502853504100F6152C /* CoordinatorProtocol.swift */,
			);
			path = Protocols;
			sourceTree = "<group>";
		};
		B4071B5B2853A2CB00F6152C /* Constants */ = {
			isa = PBXGroup;
			children = (
				B42D8DE62858A83500163509 /* ModelNames */,
				B43F988A2857D7FA00BF1E50 /* Assets */,
				B441D15F28561B8B0042181C /* Title */,
				B441D15A28560CF60042181C /* ReuseID */,
				B4071B5C2853A2DA00F6152C /* Api */,
			);
			path = Constants;
			sourceTree = "<group>";
		};
		B4071B5C2853A2DA00F6152C /* Api */ = {
			isa = PBXGroup;
			children = (
				B4071B5D2853A2F700F6152C /* Constants.swift */,
			);
			path = Api;
			sourceTree = "<group>";
		};
		B4071B5F2853AA2300F6152C /* Model */ = {
			isa = PBXGroup;
			children = (
				B45F0FCE2858BE0800BD4910 /* CachedProduct+CoreData */,
				B441D1332854B5310042181C /* Product */,
			);
			path = Model;
			sourceTree = "<group>";
		};
		B42D8DDD285891B600163509 /* CoreDataManager */ = {
			isa = PBXGroup;
			children = (
				B42D8DDE28589E3500163509 /* CoreDataManager.swift */,
			);
			path = CoreDataManager;
			sourceTree = "<group>";
		};
		B42D8DE62858A83500163509 /* ModelNames */ = {
			isa = PBXGroup;
			children = (
				B42D8DE72858A84B00163509 /* ModelNames.swift */,
			);
			path = ModelNames;
			sourceTree = "<group>";
		};
		B43F986B2857397700BF1E50 /* CustomUICollectionViewLayout */ = {
			isa = PBXGroup;
			children = (
				B43F986C285739CD00BF1E50 /* AdaptiveUICollectionViewLayout.swift */,
				B43F986E28573B0200BF1E50 /* AdaptiveUICollectionViewLayoutProtocol.swift */,
			);
			path = CustomUICollectionViewLayout;
			sourceTree = "<group>";
		};
		B43F98722857897C00BF1E50 /* ProductImage */ = {
			isa = PBXGroup;
			children = (
				B43F987528578B4700BF1E50 /* ProductImageService.swift */,
			);
			path = ProductImage;
			sourceTree = "<group>";
		};
		B43F98782857C52300BF1E50 /* ProductDetails */ = {
			isa = PBXGroup;
			children = (
				B43F98872857D09F00BF1E50 /* Coordinator */,
				B43F98792857C53200BF1E50 /* Presenter */,
				B43F987A2857C53B00BF1E50 /* ViewController */,
			);
			path = ProductDetails;
			sourceTree = "<group>";
		};
		B43F98792857C53200BF1E50 /* Presenter */ = {
			isa = PBXGroup;
			children = (
				B43F98812857C7D700BF1E50 /* ProductDetailsPresenter.swift */,
				B43F98832857C7ED00BF1E50 /* ProductDetailsPresenterProtocol.swift */,
			);
			path = Presenter;
			sourceTree = "<group>";
		};
		B43F987A2857C53B00BF1E50 /* ViewController */ = {
			isa = PBXGroup;
			children = (
				B43F987D2857C5B100BF1E50 /* ProductDetailsVC.swift */,
				B43F987E2857C5B100BF1E50 /* ProductDetailsVC.xib */,
				B43F98852857C87200BF1E50 /* ProductDetailsViewProtocol.swift */,
				B43F98982857EAB200BF1E50 /* ProductDetailsVC+TransitioningDelegate.swift */,
			);
			path = ViewController;
			sourceTree = "<group>";
		};
		B43F98872857D09F00BF1E50 /* Coordinator */ = {
			isa = PBXGroup;
			children = (
				B43F98882857D0B800BF1E50 /* ProductDetailsCoordinator.swift */,
			);
			path = Coordinator;
			sourceTree = "<group>";
		};
		B43F988A2857D7FA00BF1E50 /* Assets */ = {
			isa = PBXGroup;
			children = (
				B43F988B2857D84C00BF1E50 /* Assets.swift */,
			);
			path = Assets;
			sourceTree = "<group>";
		};
		B43F988D2857E22E00BF1E50 /* Transitions */ = {
			isa = PBXGroup;
			children = (
				B43F989A2857F27C00BF1E50 /* TransitionDelegate.swift */,
				B43F98962857E40500BF1E50 /* TransitionController.swift */,
			);
			path = Transitions;
			sourceTree = "<group>";
		};
		B441D1332854B5310042181C /* Product */ = {
			isa = PBXGroup;
			children = (
				B4071B602853AA3B00F6152C /* Product.swift */,
			);
			path = Product;
			sourceTree = "<group>";
		};
		B441D1362854B6910042181C /* Manager */ = {
			isa = PBXGroup;
			children = (
				B42D8DDD285891B600163509 /* CoreDataManager */,
				B441D17A2856982B0042181C /* ImageCacheManager */,
				B441D1372854B6CE0042181C /* NetworkManager */,
			);
			path = Manager;
			sourceTree = "<group>";
		};
		B441D1372854B6CE0042181C /* NetworkManager */ = {
			isa = PBXGroup;
			children = (
				B441D13B2854BDAD0042181C /* NetworkTargetProtocol.swift */,
				B441D1432854C0CC0042181C /* NetworkManger.swift */,
				B441D1452854C6E40042181C /* NetworkError.swift */,
				B496DEAC285924BF001573E2 /* Reachability.swift */,
				B496DEA228591452001573E2 /* NetworkMonitor.swift */,
			);
			path = NetworkManager;
			sourceTree = "<group>";
		};
		B441D1472855C9950042181C /* Service */ = {
			isa = PBXGroup;
			children = (
				B441D1482855C9950042181C /* Product */,
			);
			path = Service;
			sourceTree = "<group>";
		};
		B441D1482855C9950042181C /* Product */ = {
			isa = PBXGroup;
			children = (
				B441D1342854B55A0042181C /* ProductGateway.swift */,
				B45F0FE12858E84700BD4910 /* LocalProduct */,
				B43F98722857897C00BF1E50 /* ProductImage */,
				B441D1492855C9950042181C /* RemoteProduct */,
				B441D14C2855C9950042181C /* ProductService.swift */,
				B441D1502855FB890042181C /* ProductServiceError.swift */,
			);
			path = Product;
			sourceTree = "<group>";
		};
		B441D1492855C9950042181C /* RemoteProduct */ = {
			isa = PBXGroup;
			children = (
				B441D14A2855C9950042181C /* RemoteProductService.swift */,
				B441D14B2855C9950042181C /* ProductTarget.swift */,
			);
			path = RemoteProduct;
			sourceTree = "<group>";
		};
		B441D15428560A440042181C /* ProductsList */ = {
			isa = PBXGroup;
			children = (
				B441D16428561C720042181C /* Coordinator */,
				B441D16328561C5E0042181C /* Presenter */,
				B441D16F285675EA0042181C /* Delegates */,
				B441D16228561C480042181C /* ViewController */,
			);
			path = ProductsList;
			sourceTree = "<group>";
		};
		B441D15528560C660042181C /* ProductCell */ = {
			isa = PBXGroup;
			children = (
				B441D15628560CA60042181C /* ProductCVCell.swift */,
				B441D15728560CA60042181C /* ProductCVCell.xib */,
			);
			path = ProductCell;
			sourceTree = "<group>";
		};
		B441D15A28560CF60042181C /* ReuseID */ = {
			isa = PBXGroup;
			children = (
				B441D15B28560D140042181C /* ReuseID.swift */,
			);
			path = ReuseID;
			sourceTree = "<group>";
		};
		B441D15F28561B8B0042181C /* Title */ = {
			isa = PBXGroup;
			children = (
				B441D16028561BA60042181C /* ScreenTitles.swift */,
			);
			path = Title;
			sourceTree = "<group>";
		};
		B441D16228561C480042181C /* ViewController */ = {
			isa = PBXGroup;
			children = (
				B4071B312853446900F6152C /* ProductsListVC.swift */,
				B441D152285609DE0042181C /* ProductsListVC.xib */,
				B441D16B285626390042181C /* ProductsListViewProtocol.swift */,
				B43F98702857410B00BF1E50 /* ProductListVC+ProductsListCV.swift */,
			);
			path = ViewController;
			sourceTree = "<group>";
		};
		B441D16328561C5E0042181C /* Presenter */ = {
			isa = PBXGroup;
			children = (
				B441D167285625C80042181C /* ProductsListPresenter.swift */,
				B441D169285625E60042181C /* ProductsListPresenterProtocol.swift */,
			);
			path = Presenter;
			sourceTree = "<group>";
		};
		B441D16428561C720042181C /* Coordinator */ = {
			isa = PBXGroup;
			children = (
				B441D16528561C8E0042181C /* ProductsListCoordinator.swift */,
				B441D16D28562FD10042181C /* ProductsListCoordinatorProtocol.swift */,
			);
			path = Coordinator;
			sourceTree = "<group>";
		};
		B441D16F285675EA0042181C /* Delegates */ = {
			isa = PBXGroup;
			children = (
				B441D174285677970042181C /* ProductListCV */,
			);
			path = Delegates;
			sourceTree = "<group>";
		};
		B441D174285677970042181C /* ProductListCV */ = {
			isa = PBXGroup;
			children = (
				B441D170285677720042181C /* ProductListCVDelegate.swift */,
				B441D1722856778B0042181C /* ProductListCVDataSource.swift */,
			);
			path = ProductListCV;
			sourceTree = "<group>";
		};
		B441D1752856907E0042181C /* Extension */ = {
			isa = PBXGroup;
			children = (
				B441D176285690AF0042181C /* UIViewExtension+Design.swift */,
				B441D17D2856A72E0042181C /* UIView+ActivityIndicator.swift */,
			);
			path = Extension;
			sourceTree = "<group>";
		};
		B441D17A2856982B0042181C /* ImageCacheManager */ = {
			isa = PBXGroup;
			children = (
				B441D17B2856985B0042181C /* ImageCacheManager.swift */,
			);
			path = ImageCacheManager;
			sourceTree = "<group>";
		};
		B45F0FCE2858BE0800BD4910 /* CachedProduct+CoreData */ = {
			isa = PBXGroup;
			children = (
				B496DEAE2859297E001573E2 /* CachedProduct+CoreDataClass.swift */,
				B496DEAF2859297E001573E2 /* CachedProduct+CoreDataProperties.swift */,
				B4AD11DA2858F9A1004F64F6 /* CachedProduct.xcdatamodeld */,
			);
			path = "CachedProduct+CoreData";
			sourceTree = "<group>";
		};
		B45F0FE12858E84700BD4910 /* LocalProduct */ = {
			isa = PBXGroup;
			children = (
				B45F0FE22858E86E00BD4910 /* LocalProductService.swift */,
			);
			path = LocalProduct;
			sourceTree = "<group>";
		};
		B4D503EF28620B9F00743897 /* iOS_ProductTaskTests */ = {
			isa = PBXGroup;
			children = (
				B4921F33286B0B8400FAAE6E /* ProductsListVCTest.swift */,
				B4921F35286B196900FAAE6E /* ProductDetailsVCTest.swift */,
				B43C269F286E2DE1008F7C0C /* NetworkManagerTest.swift */,
			);
			path = iOS_ProductTaskTests;
			sourceTree = "<group>";
		};
/* End PBXGroup section */

/* Begin PBXNativeTarget section */
		B4071B292853446900F6152C /* iOS_ProductTask */ = {
			isa = PBXNativeTarget;
			buildConfigurationList = B4071B3E2853446A00F6152C /* Build configuration list for PBXNativeTarget "iOS_ProductTask" */;
			buildPhases = (
				B4071B262853446900F6152C /* Sources */,
				B4071B272853446900F6152C /* Frameworks */,
				B4071B282853446900F6152C /* Resources */,
			);
			buildRules = (
			);
			dependencies = (
			);
			name = iOS_ProductTask;
			productName = iOS_ProductTask;
			productReference = B4071B2A2853446900F6152C /* iOS_ProductTask.app */;
			productType = "com.apple.product-type.application";
		};
		B4D503ED28620B9F00743897 /* iOS_ProductTaskTests */ = {
			isa = PBXNativeTarget;
			buildConfigurationList = B4D503F628620B9F00743897 /* Build configuration list for PBXNativeTarget "iOS_ProductTaskTests" */;
			buildPhases = (
				B4D503EA28620B9F00743897 /* Sources */,
				B4D503EB28620B9F00743897 /* Frameworks */,
				B4D503EC28620B9F00743897 /* Resources */,
			);
			buildRules = (
			);
			dependencies = (
				B4D503F328620B9F00743897 /* PBXTargetDependency */,
			);
			name = iOS_ProductTaskTests;
			productName = iOS_ProductTaskTests;
			productReference = B4D503EE28620B9F00743897 /* iOS_ProductTaskTests.xctest */;
			productType = "com.apple.product-type.bundle.unit-test";
		};
/* End PBXNativeTarget section */

/* Begin PBXProject section */
		B4071B222853446900F6152C /* Project object */ = {
			isa = PBXProject;
			attributes = {
				BuildIndependentTargetsInParallel = 1;
				LastSwiftUpdateCheck = 1330;
				LastUpgradeCheck = 1330;
				TargetAttributes = {
					B4071B292853446900F6152C = {
						CreatedOnToolsVersion = 13.3;
					};
					B4D503ED28620B9F00743897 = {
						CreatedOnToolsVersion = 13.3;
						LastSwiftMigration = 1330;
						TestTargetID = B4071B292853446900F6152C;
					};
				};
			};
			buildConfigurationList = B4071B252853446900F6152C /* Build configuration list for PBXProject "iOS_ProductTask" */;
			compatibilityVersion = "Xcode 13.0";
			developmentRegion = en;
			hasScannedForEncodings = 0;
			knownRegions = (
				en,
				Base,
			);
			mainGroup = B4071B212853446900F6152C;
			productRefGroup = B4071B2B2853446900F6152C /* Products */;
			projectDirPath = "";
			projectRoot = "";
			targets = (
				B4071B292853446900F6152C /* iOS_ProductTask */,
				B4D503ED28620B9F00743897 /* iOS_ProductTaskTests */,
			);
		};
/* End PBXProject section */

/* Begin PBXResourcesBuildPhase section */
		B4071B282853446900F6152C /* Resources */ = {
			isa = PBXResourcesBuildPhase;
			buildActionMask = 2147483647;
			files = (
				B43F98802857C5B100BF1E50 /* ProductDetailsVC.xib in Resources */,
				B441D15928560CA60042181C /* ProductCVCell.xib in Resources */,
				B4071B3A2853446A00F6152C /* LaunchScreen.storyboard in Resources */,
				B441D153285609DE0042181C /* ProductsListVC.xib in Resources */,
				B4071B372853446A00F6152C /* Assets.xcassets in Resources */,
			);
			runOnlyForDeploymentPostprocessing = 0;
		};
		B4D503EC28620B9F00743897 /* Resources */ = {
			isa = PBXResourcesBuildPhase;
			buildActionMask = 2147483647;
			files = (
			);
			runOnlyForDeploymentPostprocessing = 0;
		};
/* End PBXResourcesBuildPhase section */

/* Begin PBXSourcesBuildPhase section */
		B4071B262853446900F6152C /* Sources */ = {
			isa = PBXSourcesBuildPhase;
			buildActionMask = 2147483647;
			files = (
				B441D1512855FB890042181C /* ProductServiceError.swift in Sources */,
				B43F98892857D0B800BF1E50 /* ProductDetailsCoordinator.swift in Sources */,
				B496DEAD285924C0001573E2 /* Reachability.swift in Sources */,
				B4071B5E2853A2F700F6152C /* Constants.swift in Sources */,
				B4071B512853504100F6152C /* CoordinatorProtocol.swift in Sources */,
				B441D14E2855C9950042181C /* ProductTarget.swift in Sources */,
				B4071B322853446900F6152C /* ProductsListVC.swift in Sources */,
				B441D15828560CA60042181C /* ProductCVCell.swift in Sources */,
				B441D14F2855C9950042181C /* ProductService.swift in Sources */,
				B441D14D2855C9950042181C /* RemoteProductService.swift in Sources */,
				B43F987628578B4700BF1E50 /* ProductImageService.swift in Sources */,
				B45F0FE32858E86E00BD4910 /* LocalProductService.swift in Sources */,
				B43F986D285739CD00BF1E50 /* AdaptiveUICollectionViewLayout.swift in Sources */,
				B441D1352854B55A0042181C /* ProductGateway.swift in Sources */,
				B441D171285677720042181C /* ProductListCVDelegate.swift in Sources */,
				B441D1442854C0CC0042181C /* NetworkManger.swift in Sources */,
				B441D16C285626390042181C /* ProductsListViewProtocol.swift in Sources */,
				B441D16A285625E60042181C /* ProductsListPresenterProtocol.swift in Sources */,
				B42D8DDF28589E3500163509 /* CoreDataManager.swift in Sources */,
				B43F98712857410B00BF1E50 /* ProductListVC+ProductsListCV.swift in Sources */,
				B42D8DE82858A84B00163509 /* ModelNames.swift in Sources */,
				B4071B2E2853446900F6152C /* AppDelegate.swift in Sources */,
				B43F98842857C7ED00BF1E50 /* ProductDetailsPresenterProtocol.swift in Sources */,
				B441D177285690AF0042181C /* UIViewExtension+Design.swift in Sources */,
				B4071B4B28534ECD00F6152C /* Router.swift in Sources */,
				B496DEB02859297E001573E2 /* CachedProduct+CoreDataClass.swift in Sources */,
				B441D13C2854BDAD0042181C /* NetworkTargetProtocol.swift in Sources */,
				B43F98862857C87200BF1E50 /* ProductDetailsViewProtocol.swift in Sources */,
				B4071B612853AA3B00F6152C /* Product.swift in Sources */,
				B4071B532853505700F6152C /* AppCoordinator.swift in Sources */,
				B441D16128561BA60042181C /* ScreenTitles.swift in Sources */,
				B43F987F2857C5B100BF1E50 /* ProductDetailsVC.swift in Sources */,
				B441D17C2856985B0042181C /* ImageCacheManager.swift in Sources */,
				B441D15C28560D140042181C /* ReuseID.swift in Sources */,
				B441D1732856778B0042181C /* ProductListCVDataSource.swift in Sources */,
				B43F988C2857D84C00BF1E50 /* Assets.swift in Sources */,
				B441D17E2856A72E0042181C /* UIView+ActivityIndicator.swift in Sources */,
				B4071B4D28534F0800F6152C /* Router+RouterProtocol.swift in Sources */,
				B4AD11DC2858F9A1004F64F6 /* CachedProduct.xcdatamodeld in Sources */,
				B4071B4928534D4900F6152C /* RouterProtocol.swift in Sources */,
				B43F98972857E40500BF1E50 /* TransitionController.swift in Sources */,
				B42D8DE52858A7D500163509 /* AppDelegate + Extension.swift in Sources */,
				B43F98992857EAB200BF1E50 /* ProductDetailsVC+TransitioningDelegate.swift in Sources */,
				B43F989B2857F27C00BF1E50 /* TransitionDelegate.swift in Sources */,
				B4071B58285351A300F6152C /* SceneDelegate+Extension.swift in Sources */,
				B4071B552853508600F6152C /* AppCoordinator+CoordinatorProtocol.swift in Sources */,
				B43F986F28573B0200BF1E50 /* AdaptiveUICollectionViewLayoutProtocol.swift in Sources */,
				B441D168285625C80042181C /* ProductsListPresenter.swift in Sources */,
				B4071B302853446900F6152C /* SceneDelegate.swift in Sources */,
				B496DEB12859297E001573E2 /* CachedProduct+CoreDataProperties.swift in Sources */,
				B441D16628561C8E0042181C /* ProductsListCoordinator.swift in Sources */,
				B441D16E28562FD10042181C /* ProductsListCoordinatorProtocol.swift in Sources */,
				B43F98822857C7D700BF1E50 /* ProductDetailsPresenter.swift in Sources */,
				B441D1462854C6E40042181C /* NetworkError.swift in Sources */,
				B496DEA328591452001573E2 /* NetworkMonitor.swift in Sources */,
			);
			runOnlyForDeploymentPostprocessing = 0;
		};
		B4D503EA28620B9F00743897 /* Sources */ = {
			isa = PBXSourcesBuildPhase;
			buildActionMask = 2147483647;
			files = (
				B43C26A0286E2DE1008F7C0C /* NetworkManagerTest.swift in Sources */,
				B4921F34286B0B8400FAAE6E /* ProductsListVCTest.swift in Sources */,
				B4921F36286B196900FAAE6E /* ProductDetailsVCTest.swift in Sources */,
			);
			runOnlyForDeploymentPostprocessing = 0;
		};
/* End PBXSourcesBuildPhase section */

/* Begin PBXTargetDependency section */
		B4D503F328620B9F00743897 /* PBXTargetDependency */ = {
			isa = PBXTargetDependency;
			target = B4071B292853446900F6152C /* iOS_ProductTask */;
			targetProxy = B4D503F228620B9F00743897 /* PBXContainerItemProxy */;
		};
/* End PBXTargetDependency section */

/* Begin PBXVariantGroup section */
		B4071B382853446A00F6152C /* LaunchScreen.storyboard */ = {
			isa = PBXVariantGroup;
			children = (
				B4071B392853446A00F6152C /* Base */,
			);
			name = LaunchScreen.storyboard;
			sourceTree = "<group>";
		};
/* End PBXVariantGroup section */

/* Begin XCBuildConfiguration section */
		B4071B3C2853446A00F6152C /* Debug */ = {
			isa = XCBuildConfiguration;
			buildSettings = {
				ALWAYS_SEARCH_USER_PATHS = NO;
				CLANG_ANALYZER_NONNULL = YES;
				CLANG_ANALYZER_NUMBER_OBJECT_CONVERSION = YES_AGGRESSIVE;
				CLANG_CXX_LANGUAGE_STANDARD = "gnu++17";
				CLANG_ENABLE_MODULES = YES;
				CLANG_ENABLE_OBJC_ARC = YES;
				CLANG_ENABLE_OBJC_WEAK = YES;
				CLANG_WARN_BLOCK_CAPTURE_AUTORELEASING = YES;
				CLANG_WARN_BOOL_CONVERSION = YES;
				CLANG_WARN_COMMA = YES;
				CLANG_WARN_CONSTANT_CONVERSION = YES;
				CLANG_WARN_DEPRECATED_OBJC_IMPLEMENTATIONS = YES;
				CLANG_WARN_DIRECT_OBJC_ISA_USAGE = YES_ERROR;
				CLANG_WARN_DOCUMENTATION_COMMENTS = YES;
				CLANG_WARN_EMPTY_BODY = YES;
				CLANG_WARN_ENUM_CONVERSION = YES;
				CLANG_WARN_INFINITE_RECURSION = YES;
				CLANG_WARN_INT_CONVERSION = YES;
				CLANG_WARN_NON_LITERAL_NULL_CONVERSION = YES;
				CLANG_WARN_OBJC_IMPLICIT_RETAIN_SELF = YES;
				CLANG_WARN_OBJC_LITERAL_CONVERSION = YES;
				CLANG_WARN_OBJC_ROOT_CLASS = YES_ERROR;
				CLANG_WARN_QUOTED_INCLUDE_IN_FRAMEWORK_HEADER = YES;
				CLANG_WARN_RANGE_LOOP_ANALYSIS = YES;
				CLANG_WARN_STRICT_PROTOTYPES = YES;
				CLANG_WARN_SUSPICIOUS_MOVE = YES;
				CLANG_WARN_UNGUARDED_AVAILABILITY = YES_AGGRESSIVE;
				CLANG_WARN_UNREACHABLE_CODE = YES;
				CLANG_WARN__DUPLICATE_METHOD_MATCH = YES;
				COPY_PHASE_STRIP = NO;
				DEBUG_INFORMATION_FORMAT = dwarf;
				ENABLE_STRICT_OBJC_MSGSEND = YES;
				ENABLE_TESTABILITY = YES;
				GCC_C_LANGUAGE_STANDARD = gnu11;
				GCC_DYNAMIC_NO_PIC = NO;
				GCC_NO_COMMON_BLOCKS = YES;
				GCC_OPTIMIZATION_LEVEL = 0;
				GCC_PREPROCESSOR_DEFINITIONS = (
					"DEBUG=1",
					"$(inherited)",
				);
				GCC_WARN_64_TO_32_BIT_CONVERSION = YES;
				GCC_WARN_ABOUT_RETURN_TYPE = YES_ERROR;
				GCC_WARN_UNDECLARED_SELECTOR = YES;
				GCC_WARN_UNINITIALIZED_AUTOS = YES_AGGRESSIVE;
				GCC_WARN_UNUSED_FUNCTION = YES;
				GCC_WARN_UNUSED_VARIABLE = YES;
				IPHONEOS_DEPLOYMENT_TARGET = 15.4;
				MTL_ENABLE_DEBUG_INFO = INCLUDE_SOURCE;
				MTL_FAST_MATH = YES;
				ONLY_ACTIVE_ARCH = YES;
				SDKROOT = iphoneos;
				SWIFT_ACTIVE_COMPILATION_CONDITIONS = DEBUG;
				SWIFT_OPTIMIZATION_LEVEL = "-Onone";
			};
			name = Debug;
		};
		B4071B3D2853446A00F6152C /* Release */ = {
			isa = XCBuildConfiguration;
			buildSettings = {
				ALWAYS_SEARCH_USER_PATHS = NO;
				CLANG_ANALYZER_NONNULL = YES;
				CLANG_ANALYZER_NUMBER_OBJECT_CONVERSION = YES_AGGRESSIVE;
				CLANG_CXX_LANGUAGE_STANDARD = "gnu++17";
				CLANG_ENABLE_MODULES = YES;
				CLANG_ENABLE_OBJC_ARC = YES;
				CLANG_ENABLE_OBJC_WEAK = YES;
				CLANG_WARN_BLOCK_CAPTURE_AUTORELEASING = YES;
				CLANG_WARN_BOOL_CONVERSION = YES;
				CLANG_WARN_COMMA = YES;
				CLANG_WARN_CONSTANT_CONVERSION = YES;
				CLANG_WARN_DEPRECATED_OBJC_IMPLEMENTATIONS = YES;
				CLANG_WARN_DIRECT_OBJC_ISA_USAGE = YES_ERROR;
				CLANG_WARN_DOCUMENTATION_COMMENTS = YES;
				CLANG_WARN_EMPTY_BODY = YES;
				CLANG_WARN_ENUM_CONVERSION = YES;
				CLANG_WARN_INFINITE_RECURSION = YES;
				CLANG_WARN_INT_CONVERSION = YES;
				CLANG_WARN_NON_LITERAL_NULL_CONVERSION = YES;
				CLANG_WARN_OBJC_IMPLICIT_RETAIN_SELF = YES;
				CLANG_WARN_OBJC_LITERAL_CONVERSION = YES;
				CLANG_WARN_OBJC_ROOT_CLASS = YES_ERROR;
				CLANG_WARN_QUOTED_INCLUDE_IN_FRAMEWORK_HEADER = YES;
				CLANG_WARN_RANGE_LOOP_ANALYSIS = YES;
				CLANG_WARN_STRICT_PROTOTYPES = YES;
				CLANG_WARN_SUSPICIOUS_MOVE = YES;
				CLANG_WARN_UNGUARDED_AVAILABILITY = YES_AGGRESSIVE;
				CLANG_WARN_UNREACHABLE_CODE = YES;
				CLANG_WARN__DUPLICATE_METHOD_MATCH = YES;
				COPY_PHASE_STRIP = NO;
				DEBUG_INFORMATION_FORMAT = "dwarf-with-dsym";
				ENABLE_NS_ASSERTIONS = NO;
				ENABLE_STRICT_OBJC_MSGSEND = YES;
				GCC_C_LANGUAGE_STANDARD = gnu11;
				GCC_NO_COMMON_BLOCKS = YES;
				GCC_WARN_64_TO_32_BIT_CONVERSION = YES;
				GCC_WARN_ABOUT_RETURN_TYPE = YES_ERROR;
				GCC_WARN_UNDECLARED_SELECTOR = YES;
				GCC_WARN_UNINITIALIZED_AUTOS = YES_AGGRESSIVE;
				GCC_WARN_UNUSED_FUNCTION = YES;
				GCC_WARN_UNUSED_VARIABLE = YES;
				IPHONEOS_DEPLOYMENT_TARGET = 15.4;
				MTL_ENABLE_DEBUG_INFO = NO;
				MTL_FAST_MATH = YES;
				SDKROOT = iphoneos;
				SWIFT_COMPILATION_MODE = wholemodule;
				SWIFT_OPTIMIZATION_LEVEL = "-O";
				VALIDATE_PRODUCT = YES;
			};
			name = Release;
		};
		B4071B3F2853446A00F6152C /* Debug */ = {
			isa = XCBuildConfiguration;
			buildSettings = {
				ASSETCATALOG_COMPILER_APPICON_NAME = AppIcon;
				ASSETCATALOG_COMPILER_GLOBAL_ACCENT_COLOR_NAME = AccentColor;
				CODE_SIGN_STYLE = Automatic;
				CURRENT_PROJECT_VERSION = 1;
				GENERATE_INFOPLIST_FILE = YES;
				INFOPLIST_FILE = iOS_ProductTask/Resources/Info.plist;
				INFOPLIST_KEY_UIApplicationSupportsIndirectInputEvents = YES;
				INFOPLIST_KEY_UILaunchStoryboardName = LaunchScreen;
				INFOPLIST_KEY_UISupportedInterfaceOrientations_iPad = "UIInterfaceOrientationPortrait UIInterfaceOrientationPortraitUpsideDown UIInterfaceOrientationLandscapeLeft UIInterfaceOrientationLandscapeRight";
				INFOPLIST_KEY_UISupportedInterfaceOrientations_iPhone = "UIInterfaceOrientationPortrait UIInterfaceOrientationLandscapeLeft UIInterfaceOrientationLandscapeRight";
				LD_RUNPATH_SEARCH_PATHS = (
					"$(inherited)",
					"@executable_path/Frameworks",
				);
				MARKETING_VERSION = 1.0;
				PRODUCT_BUNDLE_IDENTIFIER = "Abd2lrady.iOS-ProductTask";
				PRODUCT_NAME = "$(TARGET_NAME)";
				SWIFT_EMIT_LOC_STRINGS = YES;
				SWIFT_VERSION = 5.0;
				TARGETED_DEVICE_FAMILY = "1,2";
			};
			name = Debug;
		};
		B4071B402853446A00F6152C /* Release */ = {
			isa = XCBuildConfiguration;
			buildSettings = {
				ASSETCATALOG_COMPILER_APPICON_NAME = AppIcon;
				ASSETCATALOG_COMPILER_GLOBAL_ACCENT_COLOR_NAME = AccentColor;
				CODE_SIGN_STYLE = Automatic;
				CURRENT_PROJECT_VERSION = 1;
				GENERATE_INFOPLIST_FILE = YES;
				INFOPLIST_FILE = iOS_ProductTask/Resources/Info.plist;
				INFOPLIST_KEY_UIApplicationSupportsIndirectInputEvents = YES;
				INFOPLIST_KEY_UILaunchStoryboardName = LaunchScreen;
				INFOPLIST_KEY_UISupportedInterfaceOrientations_iPad = "UIInterfaceOrientationPortrait UIInterfaceOrientationPortraitUpsideDown UIInterfaceOrientationLandscapeLeft UIInterfaceOrientationLandscapeRight";
				INFOPLIST_KEY_UISupportedInterfaceOrientations_iPhone = "UIInterfaceOrientationPortrait UIInterfaceOrientationLandscapeLeft UIInterfaceOrientationLandscapeRight";
				LD_RUNPATH_SEARCH_PATHS = (
					"$(inherited)",
					"@executable_path/Frameworks",
				);
				MARKETING_VERSION = 1.0;
				PRODUCT_BUNDLE_IDENTIFIER = "Abd2lrady.iOS-ProductTask";
				PRODUCT_NAME = "$(TARGET_NAME)";
				SWIFT_EMIT_LOC_STRINGS = YES;
				SWIFT_VERSION = 5.0;
				TARGETED_DEVICE_FAMILY = "1,2";
			};
			name = Release;
		};
		B4D503F428620B9F00743897 /* Debug */ = {
			isa = XCBuildConfiguration;
			buildSettings = {
				BUNDLE_LOADER = "$(TEST_HOST)";
				CLANG_ENABLE_MODULES = YES;
				CODE_SIGN_STYLE = Automatic;
				CURRENT_PROJECT_VERSION = 1;
				GENERATE_INFOPLIST_FILE = YES;
				LD_RUNPATH_SEARCH_PATHS = (
					"$(inherited)",
					"@executable_path/Frameworks",
					"@loader_path/Frameworks",
				);
				MARKETING_VERSION = 1.0;
				PRODUCT_BUNDLE_IDENTIFIER = "Abd2lrady.iOS-ProductTaskTests";
				PRODUCT_NAME = "$(TARGET_NAME)";
				SWIFT_EMIT_LOC_STRINGS = NO;
				SWIFT_OPTIMIZATION_LEVEL = "-Onone";
				SWIFT_VERSION = 5.0;
				TARGETED_DEVICE_FAMILY = "1,2";
				TEST_HOST = "$(BUILT_PRODUCTS_DIR)/iOS_ProductTask.app/iOS_ProductTask";
			};
			name = Debug;
		};
		B4D503F528620B9F00743897 /* Release */ = {
			isa = XCBuildConfiguration;
			buildSettings = {
				BUNDLE_LOADER = "$(TEST_HOST)";
				CLANG_ENABLE_MODULES = YES;
				CODE_SIGN_STYLE = Automatic;
				CURRENT_PROJECT_VERSION = 1;
				GENERATE_INFOPLIST_FILE = YES;
				LD_RUNPATH_SEARCH_PATHS = (
					"$(inherited)",
					"@executable_path/Frameworks",
					"@loader_path/Frameworks",
				);
				MARKETING_VERSION = 1.0;
				PRODUCT_BUNDLE_IDENTIFIER = "Abd2lrady.iOS-ProductTaskTests";
				PRODUCT_NAME = "$(TARGET_NAME)";
				SWIFT_EMIT_LOC_STRINGS = NO;
				SWIFT_VERSION = 5.0;
				TARGETED_DEVICE_FAMILY = "1,2";
				TEST_HOST = "$(BUILT_PRODUCTS_DIR)/iOS_ProductTask.app/iOS_ProductTask";
			};
			name = Release;
		};
/* End XCBuildConfiguration section */

/* Begin XCConfigurationList section */
		B4071B252853446900F6152C /* Build configuration list for PBXProject "iOS_ProductTask" */ = {
			isa = XCConfigurationList;
			buildConfigurations = (
				B4071B3C2853446A00F6152C /* Debug */,
				B4071B3D2853446A00F6152C /* Release */,
			);
			defaultConfigurationIsVisible = 0;
			defaultConfigurationName = Release;
		};
		B4071B3E2853446A00F6152C /* Build configuration list for PBXNativeTarget "iOS_ProductTask" */ = {
			isa = XCConfigurationList;
			buildConfigurations = (
				B4071B3F2853446A00F6152C /* Debug */,
				B4071B402853446A00F6152C /* Release */,
			);
			defaultConfigurationIsVisible = 0;
			defaultConfigurationName = Release;
		};
		B4D503F628620B9F00743897 /* Build configuration list for PBXNativeTarget "iOS_ProductTaskTests" */ = {
			isa = XCConfigurationList;
			buildConfigurations = (
				B4D503F428620B9F00743897 /* Debug */,
				B4D503F528620B9F00743897 /* Release */,
			);
			defaultConfigurationIsVisible = 0;
			defaultConfigurationName = Release;
		};
/* End XCConfigurationList section */

/* Begin XCVersionGroup section */
		B4AD11DA2858F9A1004F64F6 /* CachedProduct.xcdatamodeld */ = {
			isa = XCVersionGroup;
			children = (
				B4AD11DB2858F9A1004F64F6 /* CachedProduct.xcdatamodel */,
			);
			currentVersion = B4AD11DB2858F9A1004F64F6 /* CachedProduct.xcdatamodel */;
			name = CachedProduct.xcdatamodeld;
			path = ../../../CachedProduct.xcdatamodeld;
			sourceTree = "<group>";
			versionGroupType = wrapper.xcdatamodel;
		};
/* End XCVersionGroup section */
	};
	rootObject = B4071B222853446900F6152C /* Project object */;
}
